
Microsoft Visual Studio Solution File, Format Version 12.00
# Visual Studio Version 17
VisualStudioVersion = 17.13.35913.81
MinimumVisualStudioVersion = 16.0.0.0
Project("{9A19103F-16F7-4668-BE54-9A1E7A4F7556}") = "SignalRv2", "SignalRv2\SignalRv2.csproj", "{F9D3AD88-878D-4E4C-AA6C-23362B3A3972}"
EndProject
Project("{9A19103F-16F7-4668-BE54-9A1E7A4F7556}") = "SignalRv2.Client", "SignalRv2.Client\SignalRv2.Client.csproj", "{17D83E12-257C-4C3A-942B-798BFD8F33FA}"
EndProject
Global
	GlobalSection(SolutionConfigurationPlatforms) = preSolution
		Debug|Any CPU = Debug|Any CPU
		Debug|x64 = Debug|x64
		Debug|x86 = Debug|x86
		Release|Any CPU = Release|Any CPU
		Release|x64 = Release|x64
		Release|x86 = Release|x86
	EndGlobalSection
	GlobalSection(ProjectConfigurationPlatforms) = postSolution
		{F9D3AD88-878D-4E4C-AA6C-23362B3A3972}.Debug|Any CPU.ActiveCfg = Debug|Any CPU
		{F9D3AD88-878D-4E4C-AA6C-23362B3A3972}.Debug|Any CPU.Build.0 = Debug|Any CPU
		{F9D3AD88-878D-4E4C-AA6C-23362B3A3972}.Debug|x64.ActiveCfg = Debug|Any CPU
		{F9D3AD88-878D-4E4C-AA6C-23362B3A3972}.Debug|x64.Build.0 = Debug|Any CPU
		{F9D3AD88-878D-4E4C-AA6C-23362B3A3972}.Debug|x86.ActiveCfg = Debug|Any CPU
		{F9D3AD88-878D-4E4C-AA6C-23362B3A3972}.Debug|x86.Build.0 = Debug|Any CPU
		{F9D3AD88-878D-4E4C-AA6C-23362B3A3972}.Release|Any CPU.ActiveCfg = Release|Any CPU
		{F9D3AD88-878D-4E4C-AA6C-23362B3A3972}.Release|Any CPU.Build.0 = Release|Any CPU
		{F9D3AD88-878D-4E4C-AA6C-23362B3A3972}.Release|x64.ActiveCfg = Release|Any CPU
		{F9D3AD88-878D-4E4C-AA6C-23362B3A3972}.Release|x64.Build.0 = Release|Any CPU
		{F9D3AD88-878D-4E4C-AA6C-23362B3A3972}.Release|x86.ActiveCfg = Release|Any CPU
		{F9D3AD88-878D-4E4C-AA6C-23362B3A3972}.Release|x86.Build.0 = Release|Any CPU
		{17D83E12-257C-4C3A-942B-798BFD8F33FA}.Debug|Any CPU.ActiveCfg = Debug|Any CPU
		{17D83E12-257C-4C3A-942B-798BFD8F33FA}.Debug|Any CPU.Build.0 = Debug|Any CPU
		{17D83E12-257C-4C3A-942B-798BFD8F33FA}.Debug|x64.ActiveCfg = Debug|Any CPU
		{17D83E12-257C-4C3A-942B-798BFD8F33FA}.Debug|x64.Build.0 = Debug|Any CPU
		{17D83E12-257C-4C3A-942B-798BFD8F33FA}.Debug|x86.ActiveCfg = Debug|Any CPU
		{17D83E12-257C-4C3A-942B-798BFD8F33FA}.Debug|x86.Build.0 = Debug|Any CPU
		{17D83E12-257C-4C3A-942B-798BFD8F33FA}.Release|Any CPU.ActiveCfg = Release|Any CPU
		{17D83E12-257C-4C3A-942B-798BFD8F33FA}.Release|Any CPU.Build.0 = Release|Any CPU
		{17D83E12-257C-4C3A-942B-798BFD8F33FA}.Release|x64.ActiveCfg = Release|Any CPU
		{17D83E12-257C-4C3A-942B-798BFD8F33FA}.Release|x64.Build.0 = Release|Any CPU
		{17D83E12-257C-4C3A-942B-798BFD8F33FA}.Release|x86.ActiveCfg = Release|Any CPU
		{17D83E12-257C-4C3A-942B-798BFD8F33FA}.Release|x86.Build.0 = Release|Any CPU
	EndGlobalSection
	GlobalSection(SolutionProperties) = preSolution
		HideSolutionNode = FALSE
	EndGlobalSection
	GlobalSection(ExtensibilityGlobals) = postSolution
		SolutionGuid = {B0B0EB1F-A31F-4EB2-8063-6659FC3397E5}
	EndGlobalSection
EndGlobal
